# This file is automatically @generated by Poetry 1.8.3 and should not be changed by hand.

[[package]]
name = "colorama"
version = "0.4.6"
description = "Cross-platform colored terminal text."
optional = false
python-versions = "!=3.0.*,!=3.1.*,!=3.2.*,!=3.3.*,!=3.4.*,!=3.5.*,!=3.6.*,>=2.7"
files = [
    {file = "colorama-0.4.6-py2.py3-none-any.whl", hash = "sha256:4f1d9991f5acc0ca119f9d443620b77f9d6b33703e51011c16baf57afb285fc6"},
    {file = "colorama-0.4.6.tar.gz", hash = "sha256:08695f5cb7ed6e0531a20572697297273c47b8cae5a63ffc6d6ed5c201be6e44"},
]

[[package]]
name = "llvmlite"
version = "0.44.0rc2"
description = "lightweight wrapper around basic LLVM functionality"
optional = false
python-versions = ">=3.10"
files = [
    {file = "llvmlite-0.44.0rc2-cp310-cp310-macosx_10_14_x86_64.whl", hash = "sha256:2361232623575929bdebfe863f7d8d3cdb9d11bc797f35471ff279066ac442de"},
    {file = "llvmlite-0.44.0rc2-cp310-cp310-macosx_11_0_arm64.whl", hash = "sha256:cdd695293102d0ffe71d4b82a9d62614fd85e98348ad0018cb66768992afa974"},
    {file = "llvmlite-0.44.0rc2-cp310-cp310-manylinux_2_17_x86_64.manylinux2014_x86_64.whl", hash = "sha256:3060c556ca075066f1503542051b4dd17224bff0cc6eef882225275ed76106f6"},
    {file = "llvmlite-0.44.0rc2-cp310-cp310-manylinux_2_27_aarch64.manylinux_2_28_aarch64.whl", hash = "sha256:36e25e70ffa24c7250caf8fb44fdca6cf999c94be411fffa391a131b8715aea3"},
    {file = "llvmlite-0.44.0rc2-cp310-cp310-win_amd64.whl", hash = "sha256:769b045c9214b1952be8973ba1b243b2d65f177e844e117dc0b7e2a82c76b741"},
    {file = "llvmlite-0.44.0rc2-cp311-cp311-macosx_10_14_x86_64.whl", hash = "sha256:19f432d8f2d399f735b783646d109553fdf4020d80f3d0dd7b01eb57a8084b3c"},
    {file = "llvmlite-0.44.0rc2-cp311-cp311-macosx_11_0_arm64.whl", hash = "sha256:a18c621b625aef39b0be504c89c382464488af0a900fb34a4d7df4a0afd10d88"},
    {file = "llvmlite-0.44.0rc2-cp311-cp311-manylinux_2_17_x86_64.manylinux2014_x86_64.whl", hash = "sha256:784eecc2ae4cb7cafc95268fdaea766d0b97b42af0e69da1c21b2049b268b5ba"},
    {file = "llvmlite-0.44.0rc2-cp311-cp311-manylinux_2_27_aarch64.manylinux_2_28_aarch64.whl", hash = "sha256:4d7108d74c7ddeb87881c4fcfef55a0e413a9ddb3ee065b8d71b30c4b077bc10"},
    {file = "llvmlite-0.44.0rc2-cp311-cp311-win_amd64.whl", hash = "sha256:abc082dea48a999ad6af894d6b9a99869a8a43ccdfbc2d38d33b75a4f0d8dc56"},
    {file = "llvmlite-0.44.0rc2-cp312-cp312-macosx_10_14_x86_64.whl", hash = "sha256:4a3022e67e52e01c69145499295d726eb44f8ae14e46a2b87fd334fd5430b14c"},
    {file = "llvmlite-0.44.0rc2-cp312-cp312-macosx_11_0_arm64.whl", hash = "sha256:b775e2c238574fc3b0c58d972db632a85523c8a39d9c45448b272c5c0ddd13b5"},
    {file = "llvmlite-0.44.0rc2-cp312-cp312-manylinux_2_17_x86_64.manylinux2014_x86_64.whl", hash = "sha256:6e1ff57aa5f7745a4a776c8e91511f4b27614cf942b34bda7739453df8aee8ba"},
    {file = "llvmlite-0.44.0rc2-cp312-cp312-manylinux_2_27_aarch64.manylinux_2_28_aarch64.whl", hash = "sha256:f2a09df18b9af81157cf889b7db9907708e47daf1e8b939d394a6e1f785c9d41"},
    {file = "llvmlite-0.44.0rc2-cp312-cp312-win_amd64.whl", hash = "sha256:e7fedaaa41427bb7f87fa7262e3d1b04d7f279f3f571f7370442f115bf29a5b8"},
    {file = "llvmlite-0.44.0rc2-cp313-cp313-macosx_10_14_x86_64.whl", hash = "sha256:90469b05004a04435377a3de6aee04e12a4f6d2c9a7d62e262681b34a28c7080"},
    {file = "llvmlite-0.44.0rc2-cp313-cp313-macosx_11_0_arm64.whl", hash = "sha256:cf3040e9e00e22fd62750e1e045393f0d28ee1c7a92adfc7486b6701c3212a49"},
    {file = "llvmlite-0.44.0rc2-cp313-cp313-manylinux_2_17_x86_64.manylinux2014_x86_64.whl", hash = "sha256:87e9fc737b1323b76a51f18620c41577cbcb5c66f8c83a546431ea562ae1b9d9"},
    {file = "llvmlite-0.44.0rc2-cp313-cp313-manylinux_2_27_aarch64.manylinux_2_28_aarch64.whl", hash = "sha256:4450f1086db328cdd3a4a1aa9960273730646ee6ff3d4cb99e6e5e17e7872e47"},
    {file = "llvmlite-0.44.0rc2-cp313-cp313-win_amd64.whl", hash = "sha256:04fde53f84591e13fcd3e89a38159017b3536902c62594418584c796d3d38fc0"},
    {file = "llvmlite-0.44.0rc2.tar.gz", hash = "sha256:7731d125071842c2465ecd9fd59736da7ae70d8c6d04566ede98296e8779a8ed"},
]

[[package]]
name = "loguru"
version = "0.7.3"
description = "Python logging made (stupidly) simple"
optional = false
python-versions = "<4.0,>=3.5"
files = [
    {file = "loguru-0.7.3-py3-none-any.whl", hash = "sha256:31a33c10c8e1e10422bfd431aeb5d351c7cf7fa671e3c4df004162264b28220c"},
    {file = "loguru-0.7.3.tar.gz", hash = "sha256:19480589e77d47b8d85b2c827ad95d49bf31b0dcde16593892eb51dd18706eb6"},
]

[package.dependencies]
colorama = {version = ">=0.3.4", markers = "sys_platform == \"win32\""}
win32-setctime = {version = ">=1.0.0", markers = "sys_platform == \"win32\""}

[package.extras]
dev = ["Sphinx (==8.1.3)", "build (==1.2.2)", "colorama (==0.4.5)", "colorama (==0.4.6)", "exceptiongroup (==1.1.3)", "freezegun (==1.1.0)", "freezegun (==1.5.0)", "mypy (==v0.910)", "mypy (==v0.971)", "mypy (==v1.13.0)", "mypy (==v1.4.1)", "myst-parser (==4.0.0)", "pre-commit (==4.0.1)", "pytest (==6.1.2)", "pytest (==8.3.2)", "pytest-cov (==2.12.1)", "pytest-cov (==5.0.0)", "pytest-cov (==6.0.0)", "pytest-mypy-plugins (==1.9.3)", "pytest-mypy-plugins (==3.1.0)", "sphinx-rtd-theme (==3.0.2)", "tox (==3.27.1)", "tox (==4.23.2)", "twine (==6.0.1)"]

[[package]]
name = "numba"
version = "0.61.0rc2"
description = "compiling Python code using LLVM"
optional = false
python-versions = ">=3.10"
files = [
    {file = "numba-0.61.0rc2-cp310-cp310-macosx_10_14_x86_64.whl", hash = "sha256:77dc4fec42aad29b3a0f1cbfee87c21c1586aad47e27c68271ce6ebdf809be0f"},
    {file = "numba-0.61.0rc2-cp310-cp310-macosx_11_0_arm64.whl", hash = "sha256:7587feed3509b959d2227a40ac784e36e4bdc35c0d213c71fd1239412cad73df"},
    {file = "numba-0.61.0rc2-cp310-cp310-manylinux2014_x86_64.manylinux_2_17_x86_64.whl", hash = "sha256:2497241349335b0f6fc0c75fa64adce6e97ae114f49f1cc1024dae8da8ba14a6"},
    {file = "numba-0.61.0rc2-cp310-cp310-manylinux_2_28_aarch64.whl", hash = "sha256:d2ed9cf79ecceb2ef730dbb0ea5f40a9d1304ef75d16b2608cc6f658c3922780"},
    {file = "numba-0.61.0rc2-cp310-cp310-win_amd64.whl", hash = "sha256:b70dbb249bff1daeb2a69cfaf430745575b44812a3a2f5724e596a141e6be27a"},
    {file = "numba-0.61.0rc2-cp311-cp311-macosx_10_14_x86_64.whl", hash = "sha256:89b73b8d10d3b7a446958f242dca482fc264dd6426409bac668a4ee90879a2a1"},
    {file = "numba-0.61.0rc2-cp311-cp311-macosx_11_0_arm64.whl", hash = "sha256:7aba5dd383ef99d1ee107e9c3fd53d1fcdb211eae6e4d2be229ed9e4e11ce249"},
    {file = "numba-0.61.0rc2-cp311-cp311-manylinux2014_x86_64.manylinux_2_17_x86_64.whl", hash = "sha256:e19d28a8e2f8736b2f9b1cebab75e8231f298519df6b97190e199d3e93af5311"},
    {file = "numba-0.61.0rc2-cp311-cp311-manylinux_2_28_aarch64.whl", hash = "sha256:c023478d11ba54eb1af570858286a5d4dcd05bc6ef656333d08b76d4c2dde243"},
    {file = "numba-0.61.0rc2-cp311-cp311-win_amd64.whl", hash = "sha256:3c765bd90d1c3fc70e688514441657dd739dfad785d7834fe514b071cded03fc"},
    {file = "numba-0.61.0rc2-cp312-cp312-macosx_10_14_x86_64.whl", hash = "sha256:e97d244a9b241ad63d2a29ce3d2e71345668ba05a981bd650c1802da133dc56b"},
    {file = "numba-0.61.0rc2-cp312-cp312-macosx_11_0_arm64.whl", hash = "sha256:45ecbda0ce90883077075aa904870ffbfdaa78f289adbc6941f4a89e1ca1b155"},
    {file = "numba-0.61.0rc2-cp312-cp312-manylinux2014_x86_64.manylinux_2_17_x86_64.whl", hash = "sha256:1a80d9fbe948c7d0b9005dfb7eef5d3f21414b5dcd41280526602e9255808a5b"},
    {file = "numba-0.61.0rc2-cp312-cp312-manylinux_2_28_aarch64.whl", hash = "sha256:49addd490c3d08d7b72f8589b6ab25fdd84a288c236dc4060c70697f8a804986"},
    {file = "numba-0.61.0rc2-cp312-cp312-win_amd64.whl", hash = "sha256:6ef4ea1d5cdbfda89c12f1645153bf5044571fcc0452d0769bed1f02121004e2"},
    {file = "numba-0.61.0rc2-cp313-cp313-macosx_10_14_x86_64.whl", hash = "sha256:44eca1801402510aa9c7b9867a1a3bcc8db2257be0fb3aaf3f4d85ba9417bb02"},
    {file = "numba-0.61.0rc2-cp313-cp313-macosx_11_0_arm64.whl", hash = "sha256:9703e1f2a2c7b6a5c6a7799c2693d24c545813619c3d2868db9b0663e2dfd627"},
    {file = "numba-0.61.0rc2-cp313-cp313-manylinux2014_x86_64.manylinux_2_17_x86_64.whl", hash = "sha256:38dbf5701734ae86f4526d1ac2e890596e4ae543ce5d3221a8d903e4c6240eea"},
    {file = "numba-0.61.0rc2-cp313-cp313-manylinux_2_28_aarch64.whl", hash = "sha256:7498f69aae607a7628711b7df3fb4ab850628ed9c101e4aa3bfabf94a9fc09be"},
    {file = "numba-0.61.0rc2-cp313-cp313-win_amd64.whl", hash = "sha256:f93baaf90b12ee2ef01adeef5298bd29780a6655134af8c91f76e1c7790ea96a"},
    {file = "numba-0.61.0rc2.tar.gz", hash = "sha256:630b8ff1ddd567b488cb09c439cebcf750b95f960562f43e234c94a334fee14b"},
]

[package.dependencies]
llvmlite = "==0.44.*"
numpy = ">=1.24,<2.2"

[[package]]
name = "numpy"
version = "2.1.3"
description = "Fundamental package for array computing in Python"
optional = false
python-versions = ">=3.10"
files = [
    {file = "numpy-2.1.3-cp310-cp310-macosx_10_9_x86_64.whl", hash = "sha256:c894b4305373b9c5576d7a12b473702afdf48ce5369c074ba304cc5ad8730dff"},
    {file = "numpy-2.1.3-cp310-cp310-macosx_11_0_arm64.whl", hash = "sha256:b47fbb433d3260adcd51eb54f92a2ffbc90a4595f8970ee00e064c644ac788f5"},
    {file = "numpy-2.1.3-cp310-cp310-macosx_14_0_arm64.whl", hash = "sha256:825656d0743699c529c5943554d223c021ff0494ff1442152ce887ef4f7561a1"},
    {file = "numpy-2.1.3-cp310-cp310-macosx_14_0_x86_64.whl", hash = "sha256:6a4825252fcc430a182ac4dee5a505053d262c807f8a924603d411f6718b88fd"},
    {file = "numpy-2.1.3-cp310-cp310-manylinux_2_17_aarch64.manylinux2014_aarch64.whl", hash = "sha256:e711e02f49e176a01d0349d82cb5f05ba4db7d5e7e0defd026328e5cfb3226d3"},
    {file = "numpy-2.1.3-cp310-cp310-manylinux_2_17_x86_64.manylinux2014_x86_64.whl", hash = "sha256:78574ac2d1a4a02421f25da9559850d59457bac82f2b8d7a44fe83a64f770098"},
    {file = "numpy-2.1.3-cp310-cp310-musllinux_1_1_x86_64.whl", hash = "sha256:c7662f0e3673fe4e832fe07b65c50342ea27d989f92c80355658c7f888fcc83c"},
    {file = "numpy-2.1.3-cp310-cp310-musllinux_1_2_aarch64.whl", hash = "sha256:fa2d1337dc61c8dc417fbccf20f6d1e139896a30721b7f1e832b2bb6ef4eb6c4"},
    {file = "numpy-2.1.3-cp310-cp310-win32.whl", hash = "sha256:72dcc4a35a8515d83e76b58fdf8113a5c969ccd505c8a946759b24e3182d1f23"},
    {file = "numpy-2.1.3-cp310-cp310-win_amd64.whl", hash = "sha256:ecc76a9ba2911d8d37ac01de72834d8849e55473457558e12995f4cd53e778e0"},
    {file = "numpy-2.1.3-cp311-cp311-macosx_10_9_x86_64.whl", hash = "sha256:4d1167c53b93f1f5d8a139a742b3c6f4d429b54e74e6b57d0eff40045187b15d"},
    {file = "numpy-2.1.3-cp311-cp311-macosx_11_0_arm64.whl", hash = "sha256:c80e4a09b3d95b4e1cac08643f1152fa71a0a821a2d4277334c88d54b2219a41"},
    {file = "numpy-2.1.3-cp311-cp311-macosx_14_0_arm64.whl", hash = "sha256:576a1c1d25e9e02ed7fa5477f30a127fe56debd53b8d2c89d5578f9857d03ca9"},
    {file = "numpy-2.1.3-cp311-cp311-macosx_14_0_x86_64.whl", hash = "sha256:973faafebaae4c0aaa1a1ca1ce02434554d67e628b8d805e61f874b84e136b09"},
    {file = "numpy-2.1.3-cp311-cp311-manylinux_2_17_aarch64.manylinux2014_aarch64.whl", hash = "sha256:762479be47a4863e261a840e8e01608d124ee1361e48b96916f38b119cfda04a"},
    {file = "numpy-2.1.3-cp311-cp311-manylinux_2_17_x86_64.manylinux2014_x86_64.whl", hash = "sha256:bc6f24b3d1ecc1eebfbf5d6051faa49af40b03be1aaa781ebdadcbc090b4539b"},
    {file = "numpy-2.1.3-cp311-cp311-musllinux_1_1_x86_64.whl", hash = "sha256:17ee83a1f4fef3c94d16dc1802b998668b5419362c8a4f4e8a491de1b41cc3ee"},
    {file = "numpy-2.1.3-cp311-cp311-musllinux_1_2_aarch64.whl", hash = "sha256:15cb89f39fa6d0bdfb600ea24b250e5f1a3df23f901f51c8debaa6a5d122b2f0"},
    {file = "numpy-2.1.3-cp311-cp311-win32.whl", hash = "sha256:d9beb777a78c331580705326d2367488d5bc473b49a9bc3036c154832520aca9"},
    {file = "numpy-2.1.3-cp311-cp311-win_amd64.whl", hash = "sha256:d89dd2b6da69c4fff5e39c28a382199ddedc3a5be5390115608345dec660b9e2"},
    {file = "numpy-2.1.3-cp312-cp312-macosx_10_13_x86_64.whl", hash = "sha256:f55ba01150f52b1027829b50d70ef1dafd9821ea82905b63936668403c3b471e"},
    {file = "numpy-2.1.3-cp312-cp312-macosx_11_0_arm64.whl", hash = "sha256:13138eadd4f4da03074851a698ffa7e405f41a0845a6b1ad135b81596e4e9958"},
    {file = "numpy-2.1.3-cp312-cp312-macosx_14_0_arm64.whl", hash = "sha256:a6b46587b14b888e95e4a24d7b13ae91fa22386c199ee7b418f449032b2fa3b8"},
    {file = "numpy-2.1.3-cp312-cp312-macosx_14_0_x86_64.whl", hash = "sha256:0fa14563cc46422e99daef53d725d0c326e99e468a9320a240affffe87852564"},
    {file = "numpy-2.1.3-cp312-cp312-manylinux_2_17_aarch64.manylinux2014_aarch64.whl", hash = "sha256:8637dcd2caa676e475503d1f8fdb327bc495554e10838019651b76d17b98e512"},
    {file = "numpy-2.1.3-cp312-cp312-manylinux_2_17_x86_64.manylinux2014_x86_64.whl", hash = "sha256:2312b2aa89e1f43ecea6da6ea9a810d06aae08321609d8dc0d0eda6d946a541b"},
    {file = "numpy-2.1.3-cp312-cp312-musllinux_1_1_x86_64.whl", hash = "sha256:a38c19106902bb19351b83802531fea19dee18e5b37b36454f27f11ff956f7fc"},
    {file = "numpy-2.1.3-cp312-cp312-musllinux_1_2_aarch64.whl", hash = "sha256:02135ade8b8a84011cbb67dc44e07c58f28575cf9ecf8ab304e51c05528c19f0"},
    {file = "numpy-2.1.3-cp312-cp312-win32.whl", hash = "sha256:e6988e90fcf617da2b5c78902fe8e668361b43b4fe26dbf2d7b0f8034d4cafb9"},
    {file = "numpy-2.1.3-cp312-cp312-win_amd64.whl", hash = "sha256:0d30c543f02e84e92c4b1f415b7c6b5326cbe45ee7882b6b77db7195fb971e3a"},
    {file = "numpy-2.1.3-cp313-cp313-macosx_10_13_x86_64.whl", hash = "sha256:96fe52fcdb9345b7cd82ecd34547fca4321f7656d500eca497eb7ea5a926692f"},
    {file = "numpy-2.1.3-cp313-cp313-macosx_11_0_arm64.whl", hash = "sha256:f653490b33e9c3a4c1c01d41bc2aef08f9475af51146e4a7710c450cf9761598"},
    {file = "numpy-2.1.3-cp313-cp313-macosx_14_0_arm64.whl", hash = "sha256:dc258a761a16daa791081d026f0ed4399b582712e6fc887a95af09df10c5ca57"},
    {file = "numpy-2.1.3-cp313-cp313-macosx_14_0_x86_64.whl", hash = "sha256:016d0f6f5e77b0f0d45d77387ffa4bb89816b57c835580c3ce8e099ef830befe"},
    {file = "numpy-2.1.3-cp313-cp313-manylinux_2_17_aarch64.manylinux2014_aarch64.whl", hash = "sha256:c181ba05ce8299c7aa3125c27b9c2167bca4a4445b7ce73d5febc411ca692e43"},
    {file = "numpy-2.1.3-cp313-cp313-manylinux_2_17_x86_64.manylinux2014_x86_64.whl", hash = "sha256:5641516794ca9e5f8a4d17bb45446998c6554704d888f86df9b200e66bdcce56"},
    {file = "numpy-2.1.3-cp313-cp313-musllinux_1_1_x86_64.whl", hash = "sha256:ea4dedd6e394a9c180b33c2c872b92f7ce0f8e7ad93e9585312b0c5a04777a4a"},
    {file = "numpy-2.1.3-cp313-cp313-musllinux_1_2_aarch64.whl", hash = "sha256:b0df3635b9c8ef48bd3be5f862cf71b0a4716fa0e702155c45067c6b711ddcef"},
    {file = "numpy-2.1.3-cp313-cp313-win32.whl", hash = "sha256:50ca6aba6e163363f132b5c101ba078b8cbd3fa92c7865fd7d4d62d9779ac29f"},
    {file = "numpy-2.1.3-cp313-cp313-win_amd64.whl", hash = "sha256:747641635d3d44bcb380d950679462fae44f54b131be347d5ec2bce47d3df9ed"},
    {file = "numpy-2.1.3-cp313-cp313t-macosx_10_13_x86_64.whl", hash = "sha256:996bb9399059c5b82f76b53ff8bb686069c05acc94656bb259b1d63d04a9506f"},
    {file = "numpy-2.1.3-cp313-cp313t-macosx_11_0_arm64.whl", hash = "sha256:45966d859916ad02b779706bb43b954281db43e185015df6eb3323120188f9e4"},
    {file = "numpy-2.1.3-cp313-cp313t-macosx_14_0_arm64.whl", hash = "sha256:baed7e8d7481bfe0874b566850cb0b85243e982388b7b23348c6db2ee2b2ae8e"},
    {file = "numpy-2.1.3-cp313-cp313t-macosx_14_0_x86_64.whl", hash = "sha256:a9f7f672a3388133335589cfca93ed468509cb7b93ba3105fce780d04a6576a0"},
    {file = "numpy-2.1.3-cp313-cp313t-manylinux_2_17_aarch64.manylinux2014_aarch64.whl", hash = "sha256:d7aac50327da5d208db2eec22eb11e491e3fe13d22653dce51b0f4109101b408"},
    {file = "numpy-2.1.3-cp313-cp313t-manylinux_2_17_x86_64.manylinux2014_x86_64.whl", hash = "sha256:4394bc0dbd074b7f9b52024832d16e019decebf86caf909d94f6b3f77a8ee3b6"},
    {file = "numpy-2.1.3-cp313-cp313t-musllinux_1_1_x86_64.whl", hash = "sha256:50d18c4358a0a8a53f12a8ba9d772ab2d460321e6a93d6064fc22443d189853f"},
    {file = "numpy-2.1.3-cp313-cp313t-musllinux_1_2_aarch64.whl", hash = "sha256:14e253bd43fc6b37af4921b10f6add6925878a42a0c5fe83daee390bca80bc17"},
    {file = "numpy-2.1.3-cp313-cp313t-win32.whl", hash = "sha256:08788d27a5fd867a663f6fc753fd7c3ad7e92747efc73c53bca2f19f8bc06f48"},
    {file = "numpy-2.1.3-cp313-cp313t-win_amd64.whl", hash = "sha256:2564fbdf2b99b3f815f2107c1bbc93e2de8ee655a69c261363a1172a79a257d4"},
    {file = "numpy-2.1.3-pp310-pypy310_pp73-macosx_10_15_x86_64.whl", hash = "sha256:4f2015dfe437dfebbfce7c85c7b53d81ba49e71ba7eadbf1df40c915af75979f"},
    {file = "numpy-2.1.3-pp310-pypy310_pp73-macosx_14_0_x86_64.whl", hash = "sha256:3522b0dfe983a575e6a9ab3a4a4dfe156c3e428468ff08ce582b9bb6bd1d71d4"},
    {file = "numpy-2.1.3-pp310-pypy310_pp73-manylinux_2_17_x86_64.manylinux2014_x86_64.whl", hash = "sha256:c006b607a865b07cd981ccb218a04fc86b600411d83d6fc261357f1c0966755d"},
    {file = "numpy-2.1.3-pp310-pypy310_pp73-win_amd64.whl", hash = "sha256:e14e26956e6f1696070788252dcdff11b4aca4c3e8bd166e0df1bb8f315a67cb"},
    {file = "numpy-2.1.3.tar.gz", hash = "sha256:aa08e04e08aaf974d4458def539dece0d28146d866a39da5639596f4921fd761"},
]

[[package]]
name = "stara-maze-generator"
version = "0.2.2"
description = "Creating mazes using prims' algorithm for the stara project"
optional = false
python-versions = "^3.12"
files = []
develop = false

[package.dependencies]
loguru = "^0.7.3"
numpy = "2.1.3"

[package.source]
type = "git"
url = "https://github.com/valerius21/Stara-Maze-Generator.git"
reference = "numpy-2.1.3"
resolved_reference = "be2b3738d9c15e938455bfeea953f07c50f6200c"

[[package]]
name = "win32-setctime"
version = "1.2.0"
description = "A small Python utility to set file creation time on Windows"
optional = false
python-versions = ">=3.5"
files = [
    {file = "win32_setctime-1.2.0-py3-none-any.whl", hash = "sha256:95d644c4e708aba81dc3704a116d8cbc974d70b3bdb8be1d150e36be6e9d1390"},
    {file = "win32_setctime-1.2.0.tar.gz", hash = "sha256:ae1fdf948f5640aae05c511ade119313fb6a30d7eabe25fef9764dca5873c4c0"},
]

[package.extras]
dev = ["black (>=19.3b0)", "pytest (>=4.6.2)"]

[metadata]
lock-version = "2.0"
python-versions = "^3.12"
content-hash = "ba81ddc3ae773714de016369664460651615a60658e1ec525699d9ba9eafd972"
